<?xml version="1.0" encoding="utf-8"?>
<Project ToolsVersion="4.0" xmlns="http://schemas.microsoft.com/developer/msbuild/2003">
  <ItemGroup>
    <Filter Include="Source Files">
      <UniqueIdentifier>{4FC737F1-C7A5-4376-A066-2A32D752A2FF}</UniqueIdentifier>
      <Extensions>cpp;c;cc;cxx;def;odl;idl;hpj;bat;asm;asmx</Extensions>
    </Filter>
    <Filter Include="Header Files">
      <UniqueIdentifier>{93995380-89BD-4b04-88EB-625FBE52EBFB}</UniqueIdentifier>
      <Extensions>h;hh;hpp;hxx;hm;inl;inc;xsd</Extensions>
    </Filter>
    <Filter Include="Engine">
      <UniqueIdentifier>{7bef16dc-2fa3-42b9-92ce-e8a532ef7a49}</UniqueIdentifier>
    </Filter>
    <Filter Include="Engine\World">
      <UniqueIdentifier>{4dbad3a5-983a-4173-8d92-8fe94e1b8146}</UniqueIdentifier>
    </Filter>
    <Filter Include="Engine\Render">
      <UniqueIdentifier>{e4fec7fa-aa5e-4817-89fb-af937a24d8ab}</UniqueIdentifier>
    </Filter>
    <Filter Include="Engine\Game">
      <UniqueIdentifier>{95c1e856-bb68-4288-b258-33d1dac2dde8}</UniqueIdentifier>
    </Filter>
  </ItemGroup>
  <ItemGroup>
    <ClInclude Include="Engine\World\CEntity.h">
      <Filter>Engine\World</Filter>
    </ClInclude>
    <ClInclude Include="Engine\World\CObject.h">
      <Filter>Engine\World</Filter>
    </ClInclude>
    <ClInclude Include="Engine\World\CScript.h">
      <Filter>Engine\World</Filter>
    </ClInclude>
    <ClInclude Include="Engine\World\CWorld.h">
      <Filter>Engine\World</Filter>
    </ClInclude>
    <ClInclude Include="Engine\Render\CGameRender.h">
      <Filter>Engine\Render</Filter>
    </ClInclude>
    <ClInclude Include="Engine\Render\CRenderOpenGL.h">
      <Filter>Engine\Render</Filter>
    </ClInclude>
    <ClInclude Include="Engine\Render\CWindow.h">
      <Filter>Engine\Render</Filter>
    </ClInclude>
    <ClInclude Include="Engine\Game\CGame.h">
      <Filter>Engine\Game</Filter>
    </ClInclude>
    <ClInclude Include="Engine\Game\DataTypes.h">
      <Filter>Engine\Game</Filter>
    </ClInclude>
    <ClInclude Include="Engine\ScarletEngine.h">
      <Filter>Engine</Filter>
    </ClInclude>
    <ClInclude Include="Engine\World\CCollider.h">
      <Filter>Engine\World</Filter>
    </ClInclude>
  </ItemGroup>
  <ItemGroup>
    <ClCompile Include="Engine\World\CEntity.cpp">
      <Filter>Engine\World</Filter>
    </ClCompile>
    <ClCompile Include="Engine\World\CObject.cpp">
      <Filter>Engine\World</Filter>
    </ClCompile>
    <ClCompile Include="Engine\World\CScript.cpp">
      <Filter>Engine\World</Filter>
    </ClCompile>
    <ClCompile Include="Engine\World\CWorld.cpp">
      <Filter>Engine\World</Filter>
    </ClCompile>
    <ClCompile Include="Engine\Render\CGameRender.cpp">
      <Filter>Engine\Render</Filter>
    </ClCompile>
    <ClCompile Include="Engine\Render\CRenderOpenGL.cpp">
      <Filter>Engine\Render</Filter>
    </ClCompile>
    <ClCompile Include="Engine\Render\CWindow.cpp">
      <Filter>Engine\Render</Filter>
    </ClCompile>
    <ClCompile Include="Engine\Game\CGame.cpp">
      <Filter>Engine\Game</Filter>
    </ClCompile>
    <ClCompile Include="Engine\Game\DataTypes.cpp">
      <Filter>Engine\Game</Filter>
    </ClCompile>
    <ClCompile Include="Snake.cpp">
      <Filter>Source Files</Filter>
    </ClCompile>
    <ClCompile Include="Engine\World\CCollider.cpp">
      <Filter>Engine\World</Filter>
    </ClCompile>
  </ItemGroup>
</Project>